{
  "nodes": {
    "home-manager": {
      "inputs": {
        "nixpkgs": [
          "nixpkgs"
        ]
      },
      "locked": {
        "lastModified": 1641799033,
        "narHash": "sha256-f7/p46rC65buVGk7OHb9sxJ+kF1xzs3NUuLZExoqCqY=",
        "owner": "nix-community",
        "repo": "home-manager",
        "rev": "f3be3cda6a69365f2acecc201b3cd1ee4f6d4614",
        "type": "github"
      },
      "original": {
        "owner": "nix-community",
        "ref": "master",
        "repo": "home-manager",
        "type": "github"
      }
    },
    "nixpkgs": {
      "locked": {
        "lastModified": 1641710811,
        "narHash": "sha256-yVJ+CtwWZY8BnkNIJ/ue5a28yrRM6CkDF1LvmGmqqwM=",
        "owner": "NixOS",
        "repo": "nixpkgs",
        "rev": "0ecf7d414811f831060cf55707c374d54fbb1dec",
        "type": "github"
      },
      "original": {
        "id": "nixpkgs",
        "ref": "nixos-unstable",
        "type": "indirect"
      }
    },
    "nixpkgs_2": {
      "locked": {
        "lastModified": 1633003402,
        "narHash": "sha256-T6nJT8/8wZZ2W51RzKTJgDHEVfGJUaK5IPRLHfRBX04=",
        "owner": "NixOS",
        "repo": "nixpkgs",
        "rev": "b2da24d2b0232e581a680fd87c996fd1ce008c61",
        "type": "github"
      },
      "original": {
        "owner": "NixOS",
        "repo": "nixpkgs",
        "type": "github"
      }
    },
    "nur": {
      "locked": {
        "lastModified": 1641829062,
        "narHash": "sha256-dHOqVHuWXFZQjxYgqtZI0pUKLYcISabRHG869iKWgq4=",
        "owner": "nix-community",
        "repo": "NUR",
        "rev": "a7ca428721d0e59a76bbb0be0cc2cf4ac0e7db36",
        "type": "github"
      },
      "original": {
        "owner": "nix-community",
        "repo": "NUR",
        "type": "github"
      }
    },
    "root": {
      "inputs": {
        "home-manager": "home-manager",
        "nixpkgs": "nixpkgs",
        "nur": "nur",
        "tasky": "tasky"
      }
    },
    "tasky": {
      "inputs": {
        "nixpkgs": "nixpkgs_2"
      },
      "locked": {
        "lastModified": 1633332340,
        "narHash": "sha256-ggXPPoyoC6lcQiA9FjLkyoS498Uxqj9tvfS1D3wl6go=",
        "owner": "mhanggi",
        "repo": "tasky",
        "rev": "bf115572160e64b08a4e857eb57bcf51d8613713",
        "type": "github"
      },
      "original": {
        "owner": "mhanggi",
        "repo": "tasky",
        "type": "github"
      }
    }
  },
  "root": "root",
  "version": 7
}
