{
  "nodes": {
    "home-manager": {
      "inputs": {
        "nixpkgs": [
          "nixpkgs"
        ]
      },
      "locked": {
        "lastModified": 1645867939,
        "narHash": "sha256-p3vHHMM5W6ojmStJqKpLvdnzxxKGG015U7OK6PJE8lo=",
        "owner": "nix-community",
        "repo": "home-manager",
        "rev": "c7a13f76a78bb5c225ca5e08e9a109347d130792",
        "type": "github"
      },
      "original": {
        "owner": "nix-community",
        "ref": "master",
        "repo": "home-manager",
        "type": "github"
      }
    },
    "nixpkgs": {
      "locked": {
        "lastModified": 1645433236,
        "narHash": "sha256-4va4MvJ076XyPp5h8sm5eMQvCrJ6yZAbBmyw95dGyw4=",
        "owner": "NixOS",
        "repo": "nixpkgs",
        "rev": "7f9b6e2babf232412682c09e57ed666d8f84ac2d",
        "type": "github"
      },
      "original": {
        "id": "nixpkgs",
        "ref": "nixos-unstable",
        "type": "indirect"
      }
    },
    "nixpkgs_2": {
      "locked": {
        "lastModified": 1633003402,
        "narHash": "sha256-T6nJT8/8wZZ2W51RzKTJgDHEVfGJUaK5IPRLHfRBX04=",
        "owner": "NixOS",
        "repo": "nixpkgs",
        "rev": "b2da24d2b0232e581a680fd87c996fd1ce008c61",
        "type": "github"
      },
      "original": {
        "owner": "NixOS",
        "repo": "nixpkgs",
        "type": "github"
      }
    },
    "nur": {
      "locked": {
        "lastModified": 1645878225,
        "narHash": "sha256-41H7MWwN8BHnNxaD0dULVVAMil7npwHG9NEtPrukgHs=",
        "owner": "nix-community",
        "repo": "NUR",
        "rev": "5290b6a1a93f5b7e3b07255853f9cd8f4b135461",
        "type": "github"
      },
      "original": {
        "owner": "nix-community",
        "repo": "NUR",
        "type": "github"
      }
    },
    "root": {
      "inputs": {
        "home-manager": "home-manager",
        "nixpkgs": "nixpkgs",
        "nur": "nur",
        "tasky": "tasky"
      }
    },
    "tasky": {
      "inputs": {
        "nixpkgs": "nixpkgs_2"
      },
      "locked": {
        "lastModified": 1633332340,
        "narHash": "sha256-ggXPPoyoC6lcQiA9FjLkyoS498Uxqj9tvfS1D3wl6go=",
        "owner": "mhanggi",
        "repo": "tasky",
        "rev": "bf115572160e64b08a4e857eb57bcf51d8613713",
        "type": "github"
      },
      "original": {
        "owner": "mhanggi",
        "repo": "tasky",
        "type": "github"
      }
    }
  },
  "root": "root",
  "version": 7
}
