{
  "nodes": {
    "home-manager": {
      "inputs": {
        "nixpkgs": [
          "nixpkgs"
        ]
      },
      "locked": {
        "lastModified": 1633733120,
        "narHash": "sha256-IdUgCn7eud2he4LWZpzFPf1D2u+mjZC09mvo3oSNoss=",
        "owner": "nix-community",
        "repo": "home-manager",
        "rev": "32285d8fe64138a41f1caed23d94f28529ea4eb4",
        "type": "github"
      },
      "original": {
        "owner": "nix-community",
        "ref": "master",
        "repo": "home-manager",
        "type": "github"
      }
    },
    "nixpkgs": {
      "locked": {
        "lastModified": 1633617995,
        "narHash": "sha256-+RfYXTAXtULLSAMFDHWaA20NhNg3YQ9GcntVJqDDjSI=",
        "owner": "NixOS",
        "repo": "nixpkgs",
        "rev": "70088dc29994c32f8520150e34c6e57e8453f895",
        "type": "github"
      },
      "original": {
        "id": "nixpkgs",
        "ref": "nixos-unstable",
        "type": "indirect"
      }
    },
    "nixpkgs_2": {
      "locked": {
        "lastModified": 1633003402,
        "narHash": "sha256-T6nJT8/8wZZ2W51RzKTJgDHEVfGJUaK5IPRLHfRBX04=",
        "owner": "NixOS",
        "repo": "nixpkgs",
        "rev": "b2da24d2b0232e581a680fd87c996fd1ce008c61",
        "type": "github"
      },
      "original": {
        "owner": "NixOS",
        "repo": "nixpkgs",
        "type": "github"
      }
    },
    "nur": {
      "locked": {
        "lastModified": 1633796423,
        "narHash": "sha256-TjYaj2QrJDHhuaJWkdAhfeXKjZMyF2jGIuMmjXlzv1M=",
        "owner": "nix-community",
        "repo": "NUR",
        "rev": "df548c604d340ef09ba50d17d85721e3bc655b79",
        "type": "github"
      },
      "original": {
        "owner": "nix-community",
        "repo": "NUR",
        "type": "github"
      }
    },
    "root": {
      "inputs": {
        "home-manager": "home-manager",
        "nixpkgs": "nixpkgs",
        "nur": "nur",
        "tasky": "tasky"
      }
    },
    "tasky": {
      "inputs": {
        "nixpkgs": "nixpkgs_2"
      },
      "locked": {
        "lastModified": 1633332340,
        "narHash": "sha256-ggXPPoyoC6lcQiA9FjLkyoS498Uxqj9tvfS1D3wl6go=",
        "owner": "mhanggi",
        "repo": "tasky",
        "rev": "bf115572160e64b08a4e857eb57bcf51d8613713",
        "type": "github"
      },
      "original": {
        "owner": "mhanggi",
        "repo": "tasky",
        "type": "github"
      }
    }
  },
  "root": "root",
  "version": 7
}
